
Microsoft Visual Studio Solution File, Format Version 11.00
# Visual Studio 2010
Project("{FAE04EC0-301F-11D3-BF4B-00C04F79EFBC}") = "EndlessRunner3d", "Assembly-CSharp.csproj", "{92F2E8FC-FFD2-6393-CC21-579A1D7B02B9}"
EndProject
Project("{FAE04EC0-301F-11D3-BF4B-00C04F79EFBC}") = "EndlessRunner3d", "Assembly-CSharp-firstpass.csproj", "{A76C7834-1953-BD02-03D3-11D1FD9D1640}"
EndProject
Project("{FAE04EC0-301F-11D3-BF4B-00C04F79EFBC}") = "EndlessRunner3d", "Assembly-CSharp-Editor-firstpass.csproj", "{69C4CC1E-D1AA-FA16-DD64-7FEB8B36C291}"
EndProject
Global
	GlobalSection(SolutionConfigurationPlatforms) = preSolution
		Debug|Any CPU = Debug|Any CPU
		Release|Any CPU = Release|Any CPU
	EndGlobalSection
	GlobalSection(ProjectConfigurationPlatforms) = postSolution
		{92F2E8FC-FFD2-6393-CC21-579A1D7B02B9}.Debug|Any CPU.ActiveCfg = Debug|Any CPU
		{92F2E8FC-FFD2-6393-CC21-579A1D7B02B9}.Debug|Any CPU.Build.0 = Debug|Any CPU
		{92F2E8FC-FFD2-6393-CC21-579A1D7B02B9}.Release|Any CPU.ActiveCfg = Release|Any CPU
		{92F2E8FC-FFD2-6393-CC21-579A1D7B02B9}.Release|Any CPU.Build.0 = Release|Any CPU
		{A76C7834-1953-BD02-03D3-11D1FD9D1640}.Debug|Any CPU.ActiveCfg = Debug|Any CPU
		{A76C7834-1953-BD02-03D3-11D1FD9D1640}.Debug|Any CPU.Build.0 = Debug|Any CPU
		{A76C7834-1953-BD02-03D3-11D1FD9D1640}.Release|Any CPU.ActiveCfg = Release|Any CPU
		{A76C7834-1953-BD02-03D3-11D1FD9D1640}.Release|Any CPU.Build.0 = Release|Any CPU
		{69C4CC1E-D1AA-FA16-DD64-7FEB8B36C291}.Debug|Any CPU.ActiveCfg = Debug|Any CPU
		{69C4CC1E-D1AA-FA16-DD64-7FEB8B36C291}.Debug|Any CPU.Build.0 = Debug|Any CPU
		{69C4CC1E-D1AA-FA16-DD64-7FEB8B36C291}.Release|Any CPU.ActiveCfg = Release|Any CPU
		{69C4CC1E-D1AA-FA16-DD64-7FEB8B36C291}.Release|Any CPU.Build.0 = Release|Any CPU
	EndGlobalSection
	GlobalSection(SolutionProperties) = preSolution
		HideSolutionNode = FALSE
	EndGlobalSection
	GlobalSection(MonoDevelopProperties) = preSolution
		StartupItem = Assembly-CSharp.csproj
	EndGlobalSection
EndGlobal
